{
    "name": "obsidian-overload",
    "version": "1.63.0",
    "lockfileVersion": 2,
    "requires": true,
    "packages": {
        "": {
            "name": "obsidian-overload",
            "version": "1.63.0",
            "license": "ISC",
            "dependencies": {
                "fantasy-statblocks": "^3.6.6",
                "initiative-tracker": "^11.2.0",
                "obsidian": "^1.1.1",
                "obsidian-dataview": "^0.4.21",
                "obsidian-dice-roller": "9.0.0",
                "obsidian-leaflet": "^5.7.0"
            },
            "devDependencies": {
                "@types/node": "^18.15.12"
            }
        },
        "node_modules/@codemirror/state": {
            "version": "6.2.0",
            "resolved": "https://registry.npmjs.org/@codemirror/state/-/state-6.2.0.tgz",
            "integrity": "sha512-69QXtcrsc3RYtOtd+GsvczJ319udtBf1PTrr2KbLWM/e2CXUPnh0Nz9AUo8WfhSQ7GeL8dPVNUmhQVgpmuaNGA==",
            "peer": true
        },
        "node_modules/@codemirror/view": {
            "version": "6.7.3",
            "resolved": "https://registry.npmjs.org/@codemirror/view/-/view-6.7.3.tgz",
            "integrity": "sha512-Lt+4POnhXrZFfHOdPzXEHxrzwdy7cjqYlMkOWvoFGi6/bAsjzlFfr0NY3B15B/PGx+cDFgM1hlc12wvYeZbGLw==",
            "peer": true,
            "dependencies": {
                "@codemirror/state": "^6.1.4",
                "style-mod": "^4.0.0",
                "w3c-keyname": "^2.2.4"
            }
        },
        "node_modules/@types/codemirror": {
            "version": "0.0.108",
            "resolved": "https://registry.npmjs.org/@types/codemirror/-/codemirror-0.0.108.tgz",
            "integrity": "sha512-3FGFcus0P7C2UOGCNUVENqObEb4SFk+S8Dnxq7K6aIsLVs/vDtlangl3PEO0ykaKXyK56swVF6Nho7VsA44uhw==",
            "dependencies": {
                "@types/tern": "*"
            }
        },
        "node_modules/@types/estree": {
            "version": "0.0.50",
            "resolved": "https://registry.npmjs.org/@types/estree/-/estree-0.0.50.tgz",
            "integrity": "sha512-C6N5s2ZFtuZRj54k2/zyRhNDjJwwcViAM3Nbm8zjBpbqAdZ00mr0CFxvSKeO8Y/e03WVFLpQMdHYVfUd6SB+Hw=="
        },
        "node_modules/@types/node": {
            "version": "18.15.12",
            "resolved": "https://registry.npmjs.org/@types/node/-/node-18.15.12.tgz",
            "integrity": "sha512-Wha1UwsB3CYdqUm2PPzh/1gujGCNtWVUYF0mB00fJFoR4gTyWTDPjSm+zBF787Ahw8vSGgBja90MkgFwvB86Dg==",
            "dev": true
        },
        "node_modules/@types/tern": {
            "version": "0.23.4",
            "resolved": "https://registry.npmjs.org/@types/tern/-/tern-0.23.4.tgz",
            "integrity": "sha512-JAUw1iXGO1qaWwEOzxTKJZ/5JxVeON9kvGZ/osgZaJImBnyjyn0cjovPsf6FNLmyGY8Vw9DoXZCMlfMkMwHRWg==",
            "dependencies": {
                "@types/estree": "*"
            }
        },
        "node_modules/emoji-regex": {
            "version": "10.0.0",
            "resolved": "https://registry.npmjs.org/emoji-regex/-/emoji-regex-10.0.0.tgz",
            "integrity": "sha512-KmJa8l6uHi1HrBI34udwlzZY1jOEuID/ft4d8BSSEdRyap7PwBEt910453PJa5MuGvxkLqlt4Uvhu7tttFHViw=="
        },
        "node_modules/fantasy-statblocks": {
            "version": "3.6.6",
            "resolved": "https://registry.npmjs.org/fantasy-statblocks/-/fantasy-statblocks-3.6.6.tgz",
            "integrity": "sha512-kPEGRqofWH9cHYdDv4HTAdDHuHMyVWtuwI9xM+1cHUYeWeKge7CzwVRAKLvVpiAH1XsfIhMPOn5K0CsAqB8vAg==",
            "dependencies": {
                "yaml": "^2.1.3"
            }
        },
        "node_modules/initiative-tracker": {
            "version": "11.2.0",
            "resolved": "https://registry.npmjs.org/initiative-tracker/-/initiative-tracker-11.2.0.tgz",
            "integrity": "sha512-Y67wBJipAN/D2dBGHS2wNrFU8vIfdqN2K3BOZfT1l98BUcb9RaB/gRUxtgR++IQcu/HOQj+wfROPWfqPZj9+nw=="
        },
        "node_modules/luxon": {
            "version": "2.1.1",
            "resolved": "https://registry.npmjs.org/luxon/-/luxon-2.1.1.tgz",
            "integrity": "sha512-6VQVNw7+kQu3hL1ZH5GyOhnk8uZm21xS7XJ/6vDZaFNcb62dpFDKcH8TI5NkoZOdMRxr7af7aYGrJlE/Wv0i1w==",
            "engines": {
                "node": ">=12"
            }
        },
        "node_modules/moment": {
            "version": "2.29.4",
            "resolved": "https://registry.npmjs.org/moment/-/moment-2.29.4.tgz",
            "integrity": "sha512-5LC9SOxjSc2HF6vO2CyuTDNivEdoz2IvyJJGj6X8DJ0eFyfszE0QiEd+iXmBvUP3WHxSjFH/vIsA0EN00cgr8w==",
            "engines": {
                "node": "*"
            }
        },
        "node_modules/obsidian": {
            "version": "1.2.3",
            "resolved": "git+ssh://git@github.com/obsidianmd/obsidian-api.git#68f8653f79b86db88039f5f2a98d7ba2ddc69ef9",
            "license": "MIT",
            "dependencies": {
                "@types/codemirror": "0.0.108",
                "moment": "2.29.4"
            },
            "peerDependencies": {
                "@codemirror/state": "^6.0.0",
                "@codemirror/view": "^6.0.0"
            }
        },
        "node_modules/obsidian-calendar-ui": {
            "version": "0.3.12",
            "resolved": "https://registry.npmjs.org/obsidian-calendar-ui/-/obsidian-calendar-ui-0.3.12.tgz",
            "integrity": "sha512-hdoRqCPnukfRgCARgArXaqMQZ+Iai0eY7f0ZsFHHfywpv4gKg3Tx5p47UsLvRO5DD+4knlbrL7Gel57MkfcLTw==",
            "dependencies": {
                "obsidian-daily-notes-interface": "0.8.4",
                "svelte": "3.35.0",
                "tslib": "2.1.0"
            }
        },
        "node_modules/obsidian-daily-notes-interface": {
            "version": "0.8.4",
            "resolved": "https://registry.npmjs.org/obsidian-daily-notes-interface/-/obsidian-daily-notes-interface-0.8.4.tgz",
            "integrity": "sha512-REKQtAuIOKDbvNH/th1C1gWmJWCP5tRn9T/mfZGZt4Zncgko7McXK0aSKFtEInipvgbZJ2nScivvyLdiWluSMw==",
            "dependencies": {
                "obsidian": "github:obsidianmd/obsidian-api#master",
                "tslib": "2.1.0"
            },
            "bin": {
                "obsidian-daily-notes-interface": "dist/main.js"
            }
        },
        "node_modules/obsidian-dataview": {
            "version": "0.4.25",
            "resolved": "https://registry.npmjs.org/obsidian-dataview/-/obsidian-dataview-0.4.25.tgz",
            "integrity": "sha512-Na0/3BDFn04jHN0La4F1YgoGg2AwKuH8UrL+oYAczXQDqOsvghGeuZBf4nATj1eDUk0HbVmrKYdnqoSec/Tt6Q==",
            "dependencies": {
                "emoji-regex": "^10.0.0",
                "luxon": "^2.0.2",
                "obsidian-calendar-ui": "^0.3.12",
                "papaparse": "^5.3.1",
                "parsimmon": "^1.18.0",
                "preact": "^10.6.5"
            }
        },
        "node_modules/obsidian-leaflet": {
            "version": "5.7.0",
            "resolved": "https://registry.npmjs.org/obsidian-leaflet/-/obsidian-leaflet-5.7.0.tgz",
            "integrity": "sha512-JMMO69Z+SZLfOozHkDQt/SBX91EzqzcPnopwvw9blpLrHoOK3wlGbTgSKRJMrIaff4OB9q+xynaRcxMYFaB5+w==",
            "dependencies": {
                "pako": "^2.1.0"
            }
        },
        "node_modules/pako": {
            "version": "2.1.0",
            "resolved": "https://registry.npmjs.org/pako/-/pako-2.1.0.tgz",
            "integrity": "sha512-w+eufiZ1WuJYgPXbV/PO3NCMEc3xqylkKHzp8bxp1uW4qaSNQUkwmLLEc3kKsfz8lpV1F8Ht3U1Cm+9Srog2ug=="
        },
        "node_modules/papaparse": {
            "version": "5.3.1",
            "resolved": "https://registry.npmjs.org/papaparse/-/papaparse-5.3.1.tgz",
            "integrity": "sha512-Dbt2yjLJrCwH2sRqKFFJaN5XgIASO9YOFeFP8rIBRG2Ain8mqk5r1M6DkfvqEVozVcz3r3HaUGw253hA1nLIcA=="
        },
        "node_modules/parsimmon": {
            "version": "1.18.0",
            "resolved": "https://registry.npmjs.org/parsimmon/-/parsimmon-1.18.0.tgz",
            "integrity": "sha512-EtVsGuQfDgwGgXzsSDe+5egRPwbcgKRd/omQ1L3Oj2pHy0gYqd+Q7zrBIQ7P/BN6DWUP9vV45HIgZHCmssdzMg=="
        },
        "node_modules/preact": {
            "version": "10.13.2",
            "resolved": "https://registry.npmjs.org/preact/-/preact-10.13.2.tgz",
            "integrity": "sha512-q44QFLhOhty2Bd0Y46fnYW0gD/cbVM9dUVtNTDKPcdXSMA7jfY+Jpd6rk3GB0lcQss0z5s/6CmVP0Z/hV+g6pw==",
            "funding": {
                "type": "opencollective",
                "url": "https://opencollective.com/preact"
            }
        },
        "node_modules/style-mod": {
            "version": "4.0.0",
            "resolved": "https://registry.npmjs.org/style-mod/-/style-mod-4.0.0.tgz",
            "integrity": "sha512-OPhtyEjyyN9x3nhPsu76f52yUGXiZcgvsrFVtvTkyGRQJ0XK+GPc6ov1z+lRpbeabka+MYEQxOYRnt5nF30aMw==",
            "peer": true
        },
        "node_modules/svelte": {
            "version": "3.35.0",
            "resolved": "https://registry.npmjs.org/svelte/-/svelte-3.35.0.tgz",
            "integrity": "sha512-gknlZkR2sXheu/X+B7dDImwANVvK1R0QGQLd8CNIfxxGPeXBmePnxfzb6fWwTQRsYQG7lYkZXvpXJvxvpsoB7g==",
            "engines": {
                "node": ">= 8"
            }
        },
        "node_modules/tslib": {
            "version": "2.1.0",
            "resolved": "https://registry.npmjs.org/tslib/-/tslib-2.1.0.tgz",
            "integrity": "sha512-hcVC3wYEziELGGmEEXue7D75zbwIIVUMWAVbHItGPx0ziyXxrOMQx4rQEVEV45Ut/1IotuEvwqPopzIOkDMf0A=="
        },
        "node_modules/w3c-keyname": {
            "version": "2.2.4",
            "resolved": "https://registry.npmjs.org/w3c-keyname/-/w3c-keyname-2.2.4.tgz",
            "integrity": "sha512-tOhfEwEzFLJzf6d1ZPkYfGj+FWhIpBux9ppoP3rlclw3Z0BZv3N7b7030Z1kYth+6rDuAsXUFr+d0VE6Ed1ikw==",
            "peer": true
        },
        "node_modules/yaml": {
            "version": "2.2.1",
            "resolved": "https://registry.npmjs.org/yaml/-/yaml-2.2.1.tgz",
            "integrity": "sha512-e0WHiYql7+9wr4cWMx3TVQrNwejKaEe7/rHNmQmqRjazfOP5W8PB6Jpebb5o6fIapbz9o9+2ipcaTM2ZwDI6lw==",
            "engines": {
                "node": ">= 14"
            }
        }
    },
    "dependencies": {
        "@codemirror/state": {
            "version": "6.2.0",
            "resolved": "https://registry.npmjs.org/@codemirror/state/-/state-6.2.0.tgz",
            "integrity": "sha512-69QXtcrsc3RYtOtd+GsvczJ319udtBf1PTrr2KbLWM/e2CXUPnh0Nz9AUo8WfhSQ7GeL8dPVNUmhQVgpmuaNGA==",
            "peer": true
        },
        "@codemirror/view": {
            "version": "6.7.3",
            "resolved": "https://registry.npmjs.org/@codemirror/view/-/view-6.7.3.tgz",
            "integrity": "sha512-Lt+4POnhXrZFfHOdPzXEHxrzwdy7cjqYlMkOWvoFGi6/bAsjzlFfr0NY3B15B/PGx+cDFgM1hlc12wvYeZbGLw==",
            "peer": true,
            "requires": {
                "@codemirror/state": "^6.1.4",
                "style-mod": "^4.0.0",
                "w3c-keyname": "^2.2.4"
            }
        },
        "@types/codemirror": {
            "version": "0.0.108",
            "resolved": "https://registry.npmjs.org/@types/codemirror/-/codemirror-0.0.108.tgz",
            "integrity": "sha512-3FGFcus0P7C2UOGCNUVENqObEb4SFk+S8Dnxq7K6aIsLVs/vDtlangl3PEO0ykaKXyK56swVF6Nho7VsA44uhw==",
            "requires": {
                "@types/tern": "*"
            }
        },
        "@types/estree": {
            "version": "0.0.50",
            "resolved": "https://registry.npmjs.org/@types/estree/-/estree-0.0.50.tgz",
            "integrity": "sha512-C6N5s2ZFtuZRj54k2/zyRhNDjJwwcViAM3Nbm8zjBpbqAdZ00mr0CFxvSKeO8Y/e03WVFLpQMdHYVfUd6SB+Hw=="
        },
        "@types/node": {
            "version": "18.15.12",
            "resolved": "https://registry.npmjs.org/@types/node/-/node-18.15.12.tgz",
            "integrity": "sha512-Wha1UwsB3CYdqUm2PPzh/1gujGCNtWVUYF0mB00fJFoR4gTyWTDPjSm+zBF787Ahw8vSGgBja90MkgFwvB86Dg==",
            "dev": true
        },
        "@types/tern": {
            "version": "0.23.4",
            "resolved": "https://registry.npmjs.org/@types/tern/-/tern-0.23.4.tgz",
            "integrity": "sha512-JAUw1iXGO1qaWwEOzxTKJZ/5JxVeON9kvGZ/osgZaJImBnyjyn0cjovPsf6FNLmyGY8Vw9DoXZCMlfMkMwHRWg==",
            "requires": {
                "@types/estree": "*"
            }
        },
        "emoji-regex": {
            "version": "10.0.0",
            "resolved": "https://registry.npmjs.org/emoji-regex/-/emoji-regex-10.0.0.tgz",
            "integrity": "sha512-KmJa8l6uHi1HrBI34udwlzZY1jOEuID/ft4d8BSSEdRyap7PwBEt910453PJa5MuGvxkLqlt4Uvhu7tttFHViw=="
        },
        "fantasy-statblocks": {
            "version": "3.6.6",
            "resolved": "https://registry.npmjs.org/fantasy-statblocks/-/fantasy-statblocks-3.6.6.tgz",
            "integrity": "sha512-kPEGRqofWH9cHYdDv4HTAdDHuHMyVWtuwI9xM+1cHUYeWeKge7CzwVRAKLvVpiAH1XsfIhMPOn5K0CsAqB8vAg==",
            "requires": {
                "yaml": "^2.1.3"
            }
        },
        "initiative-tracker": {
            "version": "11.2.0",
            "resolved": "https://registry.npmjs.org/initiative-tracker/-/initiative-tracker-11.2.0.tgz",
            "integrity": "sha512-Y67wBJipAN/D2dBGHS2wNrFU8vIfdqN2K3BOZfT1l98BUcb9RaB/gRUxtgR++IQcu/HOQj+wfROPWfqPZj9+nw=="
        },
        "luxon": {
            "version": "2.1.1",
            "resolved": "https://registry.npmjs.org/luxon/-/luxon-2.1.1.tgz",
            "integrity": "sha512-6VQVNw7+kQu3hL1ZH5GyOhnk8uZm21xS7XJ/6vDZaFNcb62dpFDKcH8TI5NkoZOdMRxr7af7aYGrJlE/Wv0i1w=="
        },
        "moment": {
            "version": "2.29.4",
            "resolved": "https://registry.npmjs.org/moment/-/moment-2.29.4.tgz",
            "integrity": "sha512-5LC9SOxjSc2HF6vO2CyuTDNivEdoz2IvyJJGj6X8DJ0eFyfszE0QiEd+iXmBvUP3WHxSjFH/vIsA0EN00cgr8w=="
        },
        "obsidian": {
            "version": "git+ssh://git@github.com/obsidianmd/obsidian-api.git#68f8653f79b86db88039f5f2a98d7ba2ddc69ef9",
            "from": "obsidian@^1.1.1",
            "requires": {
                "@types/codemirror": "0.0.108",
                "moment": "2.29.4"
            }
        },
        "obsidian-calendar-ui": {
            "version": "0.3.12",
            "resolved": "https://registry.npmjs.org/obsidian-calendar-ui/-/obsidian-calendar-ui-0.3.12.tgz",
            "integrity": "sha512-hdoRqCPnukfRgCARgArXaqMQZ+Iai0eY7f0ZsFHHfywpv4gKg3Tx5p47UsLvRO5DD+4knlbrL7Gel57MkfcLTw==",
            "requires": {
                "obsidian-daily-notes-interface": "0.8.4",
                "svelte": "3.35.0",
                "tslib": "2.1.0"
            }
        },
        "obsidian-daily-notes-interface": {
            "version": "0.8.4",
            "resolved": "https://registry.npmjs.org/obsidian-daily-notes-interface/-/obsidian-daily-notes-interface-0.8.4.tgz",
            "integrity": "sha512-REKQtAuIOKDbvNH/th1C1gWmJWCP5tRn9T/mfZGZt4Zncgko7McXK0aSKFtEInipvgbZJ2nScivvyLdiWluSMw==",
            "requires": {
                "obsidian": "github:obsidianmd/obsidian-api#master",
                "tslib": "2.1.0"
            }
        },
        "obsidian-dataview": {
            "version": "0.4.25",
            "resolved": "https://registry.npmjs.org/obsidian-dataview/-/obsidian-dataview-0.4.25.tgz",
            "integrity": "sha512-Na0/3BDFn04jHN0La4F1YgoGg2AwKuH8UrL+oYAczXQDqOsvghGeuZBf4nATj1eDUk0HbVmrKYdnqoSec/Tt6Q==",
            "requires": {
                "emoji-regex": "^10.0.0",
                "luxon": "^2.0.2",
                "obsidian-calendar-ui": "^0.3.12",
                "papaparse": "^5.3.1",
                "parsimmon": "^1.18.0",
                "preact": "^10.6.5"
            }
        },
        "obsidian-leaflet": {
            "version": "5.7.0",
            "resolved": "https://registry.npmjs.org/obsidian-leaflet/-/obsidian-leaflet-5.7.0.tgz",
            "integrity": "sha512-JMMO69Z+SZLfOozHkDQt/SBX91EzqzcPnopwvw9blpLrHoOK3wlGbTgSKRJMrIaff4OB9q+xynaRcxMYFaB5+w==",
            "requires": {
                "pako": "^2.1.0"
            }
        },
        "pako": {
            "version": "2.1.0",
            "resolved": "https://registry.npmjs.org/pako/-/pako-2.1.0.tgz",
            "integrity": "sha512-w+eufiZ1WuJYgPXbV/PO3NCMEc3xqylkKHzp8bxp1uW4qaSNQUkwmLLEc3kKsfz8lpV1F8Ht3U1Cm+9Srog2ug=="
        },
        "papaparse": {
            "version": "5.3.1",
            "resolved": "https://registry.npmjs.org/papaparse/-/papaparse-5.3.1.tgz",
            "integrity": "sha512-Dbt2yjLJrCwH2sRqKFFJaN5XgIASO9YOFeFP8rIBRG2Ain8mqk5r1M6DkfvqEVozVcz3r3HaUGw253hA1nLIcA=="
        },
        "parsimmon": {
            "version": "1.18.0",
            "resolved": "https://registry.npmjs.org/parsimmon/-/parsimmon-1.18.0.tgz",
            "integrity": "sha512-EtVsGuQfDgwGgXzsSDe+5egRPwbcgKRd/omQ1L3Oj2pHy0gYqd+Q7zrBIQ7P/BN6DWUP9vV45HIgZHCmssdzMg=="
        },
        "preact": {
            "version": "10.13.2",
            "resolved": "https://registry.npmjs.org/preact/-/preact-10.13.2.tgz",
            "integrity": "sha512-q44QFLhOhty2Bd0Y46fnYW0gD/cbVM9dUVtNTDKPcdXSMA7jfY+Jpd6rk3GB0lcQss0z5s/6CmVP0Z/hV+g6pw=="
        },
        "style-mod": {
            "version": "4.0.0",
            "resolved": "https://registry.npmjs.org/style-mod/-/style-mod-4.0.0.tgz",
            "integrity": "sha512-OPhtyEjyyN9x3nhPsu76f52yUGXiZcgvsrFVtvTkyGRQJ0XK+GPc6ov1z+lRpbeabka+MYEQxOYRnt5nF30aMw==",
            "peer": true
        },
        "svelte": {
            "version": "3.35.0",
            "resolved": "https://registry.npmjs.org/svelte/-/svelte-3.35.0.tgz",
            "integrity": "sha512-gknlZkR2sXheu/X+B7dDImwANVvK1R0QGQLd8CNIfxxGPeXBmePnxfzb6fWwTQRsYQG7lYkZXvpXJvxvpsoB7g=="
        },
        "tslib": {
            "version": "2.1.0",
            "resolved": "https://registry.npmjs.org/tslib/-/tslib-2.1.0.tgz",
            "integrity": "sha512-hcVC3wYEziELGGmEEXue7D75zbwIIVUMWAVbHItGPx0ziyXxrOMQx4rQEVEV45Ut/1IotuEvwqPopzIOkDMf0A=="
        },
        "w3c-keyname": {
            "version": "2.2.4",
            "resolved": "https://registry.npmjs.org/w3c-keyname/-/w3c-keyname-2.2.4.tgz",
            "integrity": "sha512-tOhfEwEzFLJzf6d1ZPkYfGj+FWhIpBux9ppoP3rlclw3Z0BZv3N7b7030Z1kYth+6rDuAsXUFr+d0VE6Ed1ikw==",
            "peer": true
        },
        "yaml": {
            "version": "2.2.1",
            "resolved": "https://registry.npmjs.org/yaml/-/yaml-2.2.1.tgz",
            "integrity": "sha512-e0WHiYql7+9wr4cWMx3TVQrNwejKaEe7/rHNmQmqRjazfOP5W8PB6Jpebb5o6fIapbz9o9+2ipcaTM2ZwDI6lw=="
        }
    }
}
