{
  "name": "obsidian-overload",
  "version": "1.0.0",
  "lockfileVersion": 2,
  "requires": true,
  "packages": {
    "": {
      "version": "1.0.0",
      "license": "ISC",
      "devDependencies": {
        "obsidian": "^0.13.8",
        "obsidian-dataview": "^0.4.21"
      }
    },
    "node_modules/@codemirror/rangeset": {
      "version": "0.19.2",
      "resolved": "https://registry.npmjs.org/@codemirror/rangeset/-/rangeset-0.19.2.tgz",
      "integrity": "sha512-5d+X8LtmeZtfFtKrSx57bIHRUpKv2HD0b74clp4fGA7qJLLfYehF6FGkJJxJb8lKsqAga1gdjjWr0jiypmIxoQ==",
      "dev": true,
      "dependencies": {
        "@codemirror/state": "^0.19.0"
      }
    },
    "node_modules/@codemirror/state": {
      "version": "0.19.6",
      "resolved": "https://registry.npmjs.org/@codemirror/state/-/state-0.19.6.tgz",
      "integrity": "sha512-sqIQZE9VqwQj7D4c2oz9mfLhlT1ElAzGB5lO1lE33BPyrdNy1cJyCIOecT4cn4VeJOFrnjOeu+IftZ3zqdFETw==",
      "dev": true,
      "dependencies": {
        "@codemirror/text": "^0.19.0"
      }
    },
    "node_modules/@codemirror/text": {
      "version": "0.19.5",
      "resolved": "https://registry.npmjs.org/@codemirror/text/-/text-0.19.5.tgz",
      "integrity": "sha512-Syu5Xc7tZzeUAM/y4fETkT0zgGr48rDG+w4U38bPwSIUr+L9S/7w2wDE1WGNzjaZPz12F6gb1gxWiSTg9ocLow==",
      "dev": true
    },
    "node_modules/@codemirror/view": {
      "version": "0.19.29",
      "resolved": "https://registry.npmjs.org/@codemirror/view/-/view-0.19.29.tgz",
      "integrity": "sha512-rET2Ogs0M8NsH29t5R+bC/zevfHrjs1aaMV23mdbOtrebxwvANic1s4PtNofAU2dFiuK3x2vdTHPVtVg4dokBA==",
      "dev": true,
      "dependencies": {
        "@codemirror/rangeset": "^0.19.0",
        "@codemirror/state": "^0.19.3",
        "@codemirror/text": "^0.19.0",
        "style-mod": "^4.0.0",
        "w3c-keyname": "^2.2.4"
      }
    },
    "node_modules/@types/codemirror": {
      "version": "0.0.108",
      "resolved": "https://registry.npmjs.org/@types/codemirror/-/codemirror-0.0.108.tgz",
      "integrity": "sha512-3FGFcus0P7C2UOGCNUVENqObEb4SFk+S8Dnxq7K6aIsLVs/vDtlangl3PEO0ykaKXyK56swVF6Nho7VsA44uhw==",
      "dev": true,
      "dependencies": {
        "@types/tern": "*"
      }
    },
    "node_modules/@types/estree": {
      "version": "0.0.50",
      "resolved": "https://registry.npmjs.org/@types/estree/-/estree-0.0.50.tgz",
      "integrity": "sha512-C6N5s2ZFtuZRj54k2/zyRhNDjJwwcViAM3Nbm8zjBpbqAdZ00mr0CFxvSKeO8Y/e03WVFLpQMdHYVfUd6SB+Hw==",
      "dev": true
    },
    "node_modules/@types/tern": {
      "version": "0.23.4",
      "resolved": "https://registry.npmjs.org/@types/tern/-/tern-0.23.4.tgz",
      "integrity": "sha512-JAUw1iXGO1qaWwEOzxTKJZ/5JxVeON9kvGZ/osgZaJImBnyjyn0cjovPsf6FNLmyGY8Vw9DoXZCMlfMkMwHRWg==",
      "dev": true,
      "dependencies": {
        "@types/estree": "*"
      }
    },
    "node_modules/emoji-regex": {
      "version": "10.0.0",
      "resolved": "https://registry.npmjs.org/emoji-regex/-/emoji-regex-10.0.0.tgz",
      "integrity": "sha512-KmJa8l6uHi1HrBI34udwlzZY1jOEuID/ft4d8BSSEdRyap7PwBEt910453PJa5MuGvxkLqlt4Uvhu7tttFHViw==",
      "dev": true
    },
    "node_modules/luxon": {
      "version": "2.1.1",
      "resolved": "https://registry.npmjs.org/luxon/-/luxon-2.1.1.tgz",
      "integrity": "sha512-6VQVNw7+kQu3hL1ZH5GyOhnk8uZm21xS7XJ/6vDZaFNcb62dpFDKcH8TI5NkoZOdMRxr7af7aYGrJlE/Wv0i1w==",
      "dev": true,
      "engines": {
        "node": ">=12"
      }
    },
    "node_modules/moment": {
      "version": "2.29.1",
      "resolved": "https://registry.npmjs.org/moment/-/moment-2.29.1.tgz",
      "integrity": "sha512-kHmoybcPV8Sqy59DwNDY3Jefr64lK/by/da0ViFcuA4DH0vQg5Q6Ze5VimxkfQNSC+Mls/Kx53s7TjP1RhFEDQ==",
      "dev": true,
      "engines": {
        "node": "*"
      }
    },
    "node_modules/obsidian": {
      "version": "0.13.8",
      "resolved": "https://registry.npmjs.org/obsidian/-/obsidian-0.13.8.tgz",
      "integrity": "sha512-T8Tun8e8LbIz/mqevheG6V0z25qpTzg4Enfw1P33C+BvkkZkz/Osd9mTqfEiN39TWp8pCCoOLstt9ZhEBfU0Vw==",
      "dev": true,
      "dependencies": {
        "@codemirror/state": "^0.19.0",
        "@codemirror/view": "^0.19.0",
        "@types/codemirror": "0.0.108",
        "moment": "2.29.1"
      }
    },
    "node_modules/obsidian-dataview": {
      "version": "0.4.21",
      "resolved": "https://registry.npmjs.org/obsidian-dataview/-/obsidian-dataview-0.4.21.tgz",
      "integrity": "sha512-B+zi/i1bcyyLnggdNry/JvVK0b5Czo7u0m84bs+PlQe4pfZ0E8ZdwoYAg356gEk8GKCVk2a8+uQvZzcCMVUiOg==",
      "dev": true,
      "dependencies": {
        "emoji-regex": "^10.0.0",
        "luxon": "^2.0.2",
        "papaparse": "^5.3.1",
        "parsimmon": "^1.18.0"
      }
    },
    "node_modules/papaparse": {
      "version": "5.3.1",
      "resolved": "https://registry.npmjs.org/papaparse/-/papaparse-5.3.1.tgz",
      "integrity": "sha512-Dbt2yjLJrCwH2sRqKFFJaN5XgIASO9YOFeFP8rIBRG2Ain8mqk5r1M6DkfvqEVozVcz3r3HaUGw253hA1nLIcA==",
      "dev": true
    },
    "node_modules/parsimmon": {
      "version": "1.18.0",
      "resolved": "https://registry.npmjs.org/parsimmon/-/parsimmon-1.18.0.tgz",
      "integrity": "sha512-EtVsGuQfDgwGgXzsSDe+5egRPwbcgKRd/omQ1L3Oj2pHy0gYqd+Q7zrBIQ7P/BN6DWUP9vV45HIgZHCmssdzMg==",
      "dev": true
    },
    "node_modules/style-mod": {
      "version": "4.0.0",
      "resolved": "https://registry.npmjs.org/style-mod/-/style-mod-4.0.0.tgz",
      "integrity": "sha512-OPhtyEjyyN9x3nhPsu76f52yUGXiZcgvsrFVtvTkyGRQJ0XK+GPc6ov1z+lRpbeabka+MYEQxOYRnt5nF30aMw==",
      "dev": true
    },
    "node_modules/w3c-keyname": {
      "version": "2.2.4",
      "resolved": "https://registry.npmjs.org/w3c-keyname/-/w3c-keyname-2.2.4.tgz",
      "integrity": "sha512-tOhfEwEzFLJzf6d1ZPkYfGj+FWhIpBux9ppoP3rlclw3Z0BZv3N7b7030Z1kYth+6rDuAsXUFr+d0VE6Ed1ikw==",
      "dev": true
    }
  },
  "dependencies": {
    "@codemirror/rangeset": {
      "version": "0.19.2",
      "resolved": "https://registry.npmjs.org/@codemirror/rangeset/-/rangeset-0.19.2.tgz",
      "integrity": "sha512-5d+X8LtmeZtfFtKrSx57bIHRUpKv2HD0b74clp4fGA7qJLLfYehF6FGkJJxJb8lKsqAga1gdjjWr0jiypmIxoQ==",
      "dev": true,
      "requires": {
        "@codemirror/state": "^0.19.0"
      }
    },
    "@codemirror/state": {
      "version": "0.19.6",
      "resolved": "https://registry.npmjs.org/@codemirror/state/-/state-0.19.6.tgz",
      "integrity": "sha512-sqIQZE9VqwQj7D4c2oz9mfLhlT1ElAzGB5lO1lE33BPyrdNy1cJyCIOecT4cn4VeJOFrnjOeu+IftZ3zqdFETw==",
      "dev": true,
      "requires": {
        "@codemirror/text": "^0.19.0"
      }
    },
    "@codemirror/text": {
      "version": "0.19.5",
      "resolved": "https://registry.npmjs.org/@codemirror/text/-/text-0.19.5.tgz",
      "integrity": "sha512-Syu5Xc7tZzeUAM/y4fETkT0zgGr48rDG+w4U38bPwSIUr+L9S/7w2wDE1WGNzjaZPz12F6gb1gxWiSTg9ocLow==",
      "dev": true
    },
    "@codemirror/view": {
      "version": "0.19.29",
      "resolved": "https://registry.npmjs.org/@codemirror/view/-/view-0.19.29.tgz",
      "integrity": "sha512-rET2Ogs0M8NsH29t5R+bC/zevfHrjs1aaMV23mdbOtrebxwvANic1s4PtNofAU2dFiuK3x2vdTHPVtVg4dokBA==",
      "dev": true,
      "requires": {
        "@codemirror/rangeset": "^0.19.0",
        "@codemirror/state": "^0.19.3",
        "@codemirror/text": "^0.19.0",
        "style-mod": "^4.0.0",
        "w3c-keyname": "^2.2.4"
      }
    },
    "@types/codemirror": {
      "version": "0.0.108",
      "resolved": "https://registry.npmjs.org/@types/codemirror/-/codemirror-0.0.108.tgz",
      "integrity": "sha512-3FGFcus0P7C2UOGCNUVENqObEb4SFk+S8Dnxq7K6aIsLVs/vDtlangl3PEO0ykaKXyK56swVF6Nho7VsA44uhw==",
      "dev": true,
      "requires": {
        "@types/tern": "*"
      }
    },
    "@types/estree": {
      "version": "0.0.50",
      "resolved": "https://registry.npmjs.org/@types/estree/-/estree-0.0.50.tgz",
      "integrity": "sha512-C6N5s2ZFtuZRj54k2/zyRhNDjJwwcViAM3Nbm8zjBpbqAdZ00mr0CFxvSKeO8Y/e03WVFLpQMdHYVfUd6SB+Hw==",
      "dev": true
    },
    "@types/tern": {
      "version": "0.23.4",
      "resolved": "https://registry.npmjs.org/@types/tern/-/tern-0.23.4.tgz",
      "integrity": "sha512-JAUw1iXGO1qaWwEOzxTKJZ/5JxVeON9kvGZ/osgZaJImBnyjyn0cjovPsf6FNLmyGY8Vw9DoXZCMlfMkMwHRWg==",
      "dev": true,
      "requires": {
        "@types/estree": "*"
      }
    },
    "emoji-regex": {
      "version": "10.0.0",
      "resolved": "https://registry.npmjs.org/emoji-regex/-/emoji-regex-10.0.0.tgz",
      "integrity": "sha512-KmJa8l6uHi1HrBI34udwlzZY1jOEuID/ft4d8BSSEdRyap7PwBEt910453PJa5MuGvxkLqlt4Uvhu7tttFHViw==",
      "dev": true
    },
    "luxon": {
      "version": "2.1.1",
      "resolved": "https://registry.npmjs.org/luxon/-/luxon-2.1.1.tgz",
      "integrity": "sha512-6VQVNw7+kQu3hL1ZH5GyOhnk8uZm21xS7XJ/6vDZaFNcb62dpFDKcH8TI5NkoZOdMRxr7af7aYGrJlE/Wv0i1w==",
      "dev": true
    },
    "moment": {
      "version": "2.29.1",
      "resolved": "https://registry.npmjs.org/moment/-/moment-2.29.1.tgz",
      "integrity": "sha512-kHmoybcPV8Sqy59DwNDY3Jefr64lK/by/da0ViFcuA4DH0vQg5Q6Ze5VimxkfQNSC+Mls/Kx53s7TjP1RhFEDQ==",
      "dev": true
    },
    "obsidian": {
      "version": "0.13.8",
      "resolved": "https://registry.npmjs.org/obsidian/-/obsidian-0.13.8.tgz",
      "integrity": "sha512-T8Tun8e8LbIz/mqevheG6V0z25qpTzg4Enfw1P33C+BvkkZkz/Osd9mTqfEiN39TWp8pCCoOLstt9ZhEBfU0Vw==",
      "dev": true,
      "requires": {
        "@codemirror/state": "^0.19.0",
        "@codemirror/view": "^0.19.0",
        "@types/codemirror": "0.0.108",
        "moment": "2.29.1"
      }
    },
    "obsidian-dataview": {
      "version": "0.4.21",
      "resolved": "https://registry.npmjs.org/obsidian-dataview/-/obsidian-dataview-0.4.21.tgz",
      "integrity": "sha512-B+zi/i1bcyyLnggdNry/JvVK0b5Czo7u0m84bs+PlQe4pfZ0E8ZdwoYAg356gEk8GKCVk2a8+uQvZzcCMVUiOg==",
      "dev": true,
      "requires": {
        "emoji-regex": "^10.0.0",
        "luxon": "^2.0.2",
        "papaparse": "^5.3.1",
        "parsimmon": "^1.18.0"
      }
    },
    "papaparse": {
      "version": "5.3.1",
      "resolved": "https://registry.npmjs.org/papaparse/-/papaparse-5.3.1.tgz",
      "integrity": "sha512-Dbt2yjLJrCwH2sRqKFFJaN5XgIASO9YOFeFP8rIBRG2Ain8mqk5r1M6DkfvqEVozVcz3r3HaUGw253hA1nLIcA==",
      "dev": true
    },
    "parsimmon": {
      "version": "1.18.0",
      "resolved": "https://registry.npmjs.org/parsimmon/-/parsimmon-1.18.0.tgz",
      "integrity": "sha512-EtVsGuQfDgwGgXzsSDe+5egRPwbcgKRd/omQ1L3Oj2pHy0gYqd+Q7zrBIQ7P/BN6DWUP9vV45HIgZHCmssdzMg==",
      "dev": true
    },
    "style-mod": {
      "version": "4.0.0",
      "resolved": "https://registry.npmjs.org/style-mod/-/style-mod-4.0.0.tgz",
      "integrity": "sha512-OPhtyEjyyN9x3nhPsu76f52yUGXiZcgvsrFVtvTkyGRQJ0XK+GPc6ov1z+lRpbeabka+MYEQxOYRnt5nF30aMw==",
      "dev": true
    },
    "w3c-keyname": {
      "version": "2.2.4",
      "resolved": "https://registry.npmjs.org/w3c-keyname/-/w3c-keyname-2.2.4.tgz",
      "integrity": "sha512-tOhfEwEzFLJzf6d1ZPkYfGj+FWhIpBux9ppoP3rlclw3Z0BZv3N7b7030Z1kYth+6rDuAsXUFr+d0VE6Ed1ikw==",
      "dev": true
    }
  }
}
